
Microsoft Visual Studio Solution File, Format Version 12.00
# Visual Studio Version 17
VisualStudioVersion = 17.9.34701.34
MinimumVisualStudioVersion = 10.0.40219.1
Project("{FAE04EC0-301F-11D3-BF4B-00C04F79EFBC}") = "WindowsFormsCollection", "WindowsFormsCollection\WindowsFormsCollection.csproj", "{576B38C3-69B5-41C2-A266-FD3C6D55769C}"
EndProject
Global
	GlobalSection(SolutionConfigurationPlatforms) = preSolution
		Debug|Any CPU = Debug|Any CPU
		Release|Any CPU = Release|Any CPU
	EndGlobalSection
	GlobalSection(ProjectConfigurationPlatforms) = postSolution
		{576B38C3-69B5-41C2-A266-FD3C6D55769C}.Debug|Any CPU.ActiveCfg = Debug|Any CPU
		{576B38C3-69B5-41C2-A266-FD3C6D55769C}.Debug|Any CPU.Build.0 = Debug|Any CPU
		{576B38C3-69B5-41C2-A266-FD3C6D55769C}.Release|Any CPU.ActiveCfg = Release|Any CPU
		{576B38C3-69B5-41C2-A266-FD3C6D55769C}.Release|Any CPU.Build.0 = Release|Any CPU
	EndGlobalSection
	GlobalSection(SolutionProperties) = preSolution
		HideSolutionNode = FALSE
	EndGlobalSection
	GlobalSection(ExtensibilityGlobals) = postSolution
		SolutionGuid = {92DF1285-B70C-4063-96A5-9266C92EAE6F}
	EndGlobalSection
EndGlobal
