
Microsoft Visual Studio Solution File, Format Version 12.00
# Visual Studio Version 17
VisualStudioVersion = 17.9.34701.34
MinimumVisualStudioVersion = 10.0.40219.1
Project("{FAE04EC0-301F-11D3-BF4B-00C04F79EFBC}") = "CS_ATT", "CS_ATT\CS_ATT.csproj", "{2D51F04F-A3AC-4839-A6C0-77FEFFCAE26E}"
EndProject
Global
	GlobalSection(SolutionConfigurationPlatforms) = preSolution
		Debug|Any CPU = Debug|Any CPU
		Release|Any CPU = Release|Any CPU
	EndGlobalSection
	GlobalSection(ProjectConfigurationPlatforms) = postSolution
		{2D51F04F-A3AC-4839-A6C0-77FEFFCAE26E}.Debug|Any CPU.ActiveCfg = Debug|Any CPU
		{2D51F04F-A3AC-4839-A6C0-77FEFFCAE26E}.Debug|Any CPU.Build.0 = Debug|Any CPU
		{2D51F04F-A3AC-4839-A6C0-77FEFFCAE26E}.Release|Any CPU.ActiveCfg = Release|Any CPU
		{2D51F04F-A3AC-4839-A6C0-77FEFFCAE26E}.Release|Any CPU.Build.0 = Release|Any CPU
	EndGlobalSection
	GlobalSection(SolutionProperties) = preSolution
		HideSolutionNode = FALSE
	EndGlobalSection
	GlobalSection(ExtensibilityGlobals) = postSolution
		SolutionGuid = {97E7D5B2-324B-4366-A0AF-6FE2FF857C1E}
	EndGlobalSection
EndGlobal
