
Microsoft Visual Studio Solution File, Format Version 12.00
# Visual Studio Version 17
VisualStudioVersion = 17.9.34701.34
MinimumVisualStudioVersion = 10.0.40219.1
Project("{FAE04EC0-301F-11D3-BF4B-00C04F79EFBC}") = "CSharp_hard2", "CSharp_hard2\CSharp_hard2.csproj", "{07438C6D-FB8C-41F4-870E-333663CCF221}"
EndProject
Global
	GlobalSection(SolutionConfigurationPlatforms) = preSolution
		Debug|Any CPU = Debug|Any CPU
		Release|Any CPU = Release|Any CPU
	EndGlobalSection
	GlobalSection(ProjectConfigurationPlatforms) = postSolution
		{07438C6D-FB8C-41F4-870E-333663CCF221}.Debug|Any CPU.ActiveCfg = Debug|Any CPU
		{07438C6D-FB8C-41F4-870E-333663CCF221}.Debug|Any CPU.Build.0 = Debug|Any CPU
		{07438C6D-FB8C-41F4-870E-333663CCF221}.Release|Any CPU.ActiveCfg = Release|Any CPU
		{07438C6D-FB8C-41F4-870E-333663CCF221}.Release|Any CPU.Build.0 = Release|Any CPU
	EndGlobalSection
	GlobalSection(SolutionProperties) = preSolution
		HideSolutionNode = FALSE
	EndGlobalSection
	GlobalSection(ExtensibilityGlobals) = postSolution
		SolutionGuid = {F95C0F87-F41E-4F7E-89F6-DA30782CB9BE}
	EndGlobalSection
EndGlobal
