
Microsoft Visual Studio Solution File, Format Version 12.00
# Visual Studio Version 17
VisualStudioVersion = 17.9.34701.34
MinimumVisualStudioVersion = 10.0.40219.1
Project("{FAE04EC0-301F-11D3-BF4B-00C04F79EFBC}") = "CSharp_hard1", "CSharp_hard1\CSharp_hard1.csproj", "{2D4B55F3-F0FA-4980-A509-79371FFC6DC1}"
	ProjectSection(ProjectDependencies) = postProject
		{B1FA1A50-883A-48F3-89DC-7770CA81137B} = {B1FA1A50-883A-48F3-89DC-7770CA81137B}
	EndProjectSection
EndProject
Project("{FAE04EC0-301F-11D3-BF4B-00C04F79EFBC}") = "ClassLibrary1", "ClassLibrary1\ClassLibrary1.csproj", "{B1FA1A50-883A-48F3-89DC-7770CA81137B}"
EndProject
Global
	GlobalSection(SolutionConfigurationPlatforms) = preSolution
		Debug|Any CPU = Debug|Any CPU
		Release|Any CPU = Release|Any CPU
	EndGlobalSection
	GlobalSection(ProjectConfigurationPlatforms) = postSolution
		{2D4B55F3-F0FA-4980-A509-79371FFC6DC1}.Debug|Any CPU.ActiveCfg = Debug|Any CPU
		{2D4B55F3-F0FA-4980-A509-79371FFC6DC1}.Debug|Any CPU.Build.0 = Debug|Any CPU
		{2D4B55F3-F0FA-4980-A509-79371FFC6DC1}.Release|Any CPU.ActiveCfg = Release|Any CPU
		{2D4B55F3-F0FA-4980-A509-79371FFC6DC1}.Release|Any CPU.Build.0 = Release|Any CPU
		{B1FA1A50-883A-48F3-89DC-7770CA81137B}.Debug|Any CPU.ActiveCfg = Debug|Any CPU
		{B1FA1A50-883A-48F3-89DC-7770CA81137B}.Debug|Any CPU.Build.0 = Debug|Any CPU
		{B1FA1A50-883A-48F3-89DC-7770CA81137B}.Release|Any CPU.ActiveCfg = Release|Any CPU
		{B1FA1A50-883A-48F3-89DC-7770CA81137B}.Release|Any CPU.Build.0 = Release|Any CPU
	EndGlobalSection
	GlobalSection(SolutionProperties) = preSolution
		HideSolutionNode = FALSE
	EndGlobalSection
	GlobalSection(ExtensibilityGlobals) = postSolution
		SolutionGuid = {A079A8CA-0278-40E0-8894-D2F8F087F8DB}
	EndGlobalSection
EndGlobal
