
Microsoft Visual Studio Solution File, Format Version 12.00
# Visual Studio Version 17
VisualStudioVersion = 17.9.34701.34
MinimumVisualStudioVersion = 10.0.40219.1
Project("{FAE04EC0-301F-11D3-BF4B-00C04F79EFBC}") = "ListBoxPrac", "ListBoxPrac\ListBoxPrac.csproj", "{764B23BF-F66A-4D31-BB8A-58733E1C115F}"
EndProject
Global
	GlobalSection(SolutionConfigurationPlatforms) = preSolution
		Debug|Any CPU = Debug|Any CPU
		Release|Any CPU = Release|Any CPU
	EndGlobalSection
	GlobalSection(ProjectConfigurationPlatforms) = postSolution
		{764B23BF-F66A-4D31-BB8A-58733E1C115F}.Debug|Any CPU.ActiveCfg = Debug|Any CPU
		{764B23BF-F66A-4D31-BB8A-58733E1C115F}.Debug|Any CPU.Build.0 = Debug|Any CPU
		{764B23BF-F66A-4D31-BB8A-58733E1C115F}.Release|Any CPU.ActiveCfg = Release|Any CPU
		{764B23BF-F66A-4D31-BB8A-58733E1C115F}.Release|Any CPU.Build.0 = Release|Any CPU
	EndGlobalSection
	GlobalSection(SolutionProperties) = preSolution
		HideSolutionNode = FALSE
	EndGlobalSection
	GlobalSection(ExtensibilityGlobals) = postSolution
		SolutionGuid = {16FCCD1D-5F46-442E-9AD6-2F94705B9D24}
	EndGlobalSection
EndGlobal
