
Microsoft Visual Studio Solution File, Format Version 12.00
# Visual Studio Version 17
VisualStudioVersion = 17.9.34701.34
MinimumVisualStudioVersion = 10.0.40219.1
Project("{FAE04EC0-301F-11D3-BF4B-00C04F79EFBC}") = "plot22", "plot22\plot22.csproj", "{A91396A6-EE29-4D77-A271-01BF94FFFF05}"
EndProject
Global
	GlobalSection(SolutionConfigurationPlatforms) = preSolution
		Debug|Any CPU = Debug|Any CPU
		Release|Any CPU = Release|Any CPU
	EndGlobalSection
	GlobalSection(ProjectConfigurationPlatforms) = postSolution
		{A91396A6-EE29-4D77-A271-01BF94FFFF05}.Debug|Any CPU.ActiveCfg = Debug|Any CPU
		{A91396A6-EE29-4D77-A271-01BF94FFFF05}.Debug|Any CPU.Build.0 = Debug|Any CPU
		{A91396A6-EE29-4D77-A271-01BF94FFFF05}.Release|Any CPU.ActiveCfg = Release|Any CPU
		{A91396A6-EE29-4D77-A271-01BF94FFFF05}.Release|Any CPU.Build.0 = Release|Any CPU
	EndGlobalSection
	GlobalSection(SolutionProperties) = preSolution
		HideSolutionNode = FALSE
	EndGlobalSection
	GlobalSection(ExtensibilityGlobals) = postSolution
		SolutionGuid = {DAF7BD14-B160-476F-8A84-F743467B2B06}
	EndGlobalSection
EndGlobal
