
Microsoft Visual Studio Solution File, Format Version 12.00
# Visual Studio Version 17
VisualStudioVersion = 17.9.34701.34
MinimumVisualStudioVersion = 10.0.40219.1
Project("{FAE04EC0-301F-11D3-BF4B-00C04F79EFBC}") = "Delegate", "Delegate\Delegate.csproj", "{42822CDB-35F4-4484-B3B8-09F0E96CC3AB}"
EndProject
Global
	GlobalSection(SolutionConfigurationPlatforms) = preSolution
		Debug|Any CPU = Debug|Any CPU
		Release|Any CPU = Release|Any CPU
	EndGlobalSection
	GlobalSection(ProjectConfigurationPlatforms) = postSolution
		{42822CDB-35F4-4484-B3B8-09F0E96CC3AB}.Debug|Any CPU.ActiveCfg = Debug|Any CPU
		{42822CDB-35F4-4484-B3B8-09F0E96CC3AB}.Debug|Any CPU.Build.0 = Debug|Any CPU
		{42822CDB-35F4-4484-B3B8-09F0E96CC3AB}.Release|Any CPU.ActiveCfg = Release|Any CPU
		{42822CDB-35F4-4484-B3B8-09F0E96CC3AB}.Release|Any CPU.Build.0 = Release|Any CPU
	EndGlobalSection
	GlobalSection(SolutionProperties) = preSolution
		HideSolutionNode = FALSE
	EndGlobalSection
	GlobalSection(ExtensibilityGlobals) = postSolution
		SolutionGuid = {F7456105-E761-416F-936B-E552F535653B}
	EndGlobalSection
EndGlobal
